
Microsoft Visual Studio Solution File, Format Version 12.00
# Visual Studio Version 16
VisualStudioVersion = 16.0.29613.14
MinimumVisualStudioVersion = 10.0.40219.1
Project("{FAE04EC0-301F-11D3-BF4B-00C04F79EFBC}") = "A fence cipher", "A fence cipher.csproj", "{03C89C97-6277-492F-819A-56C5D75AE284}"
EndProject
Global
	GlobalSection(SolutionConfigurationPlatforms) = preSolution
		Debug|Any CPU = Debug|Any CPU
		Release|Any CPU = Release|Any CPU
	EndGlobalSection
	GlobalSection(ProjectConfigurationPlatforms) = postSolution
		{03C89C97-6277-492F-819A-56C5D75AE284}.Debug|Any CPU.ActiveCfg = Debug|Any CPU
		{03C89C97-6277-492F-819A-56C5D75AE284}.Debug|Any CPU.Build.0 = Debug|Any CPU
		{03C89C97-6277-492F-819A-56C5D75AE284}.Release|Any CPU.ActiveCfg = Release|Any CPU
		{03C89C97-6277-492F-819A-56C5D75AE284}.Release|Any CPU.Build.0 = Release|Any CPU
	EndGlobalSection
	GlobalSection(SolutionProperties) = preSolution
		HideSolutionNode = FALSE
	EndGlobalSection
	GlobalSection(ExtensibilityGlobals) = postSolution
		SolutionGuid = {05F626E9-32D2-4BF6-902A-33900E824C48}
	EndGlobalSection
EndGlobal
